// !$*UTF8*$!
{
	archiveVersion = 1;
	classes = {
	};
	objectVersion = 56;
	objects = {

/* Begin PBXBuildFile section */
		414AB3902C7D9FD600F9C4B2 /* TCA_Example_TodoApp.swift in Sources */ = {isa = PBXBuildFile; fileRef = 414AB38F2C7D9FD600F9C4B2 /* TCA_Example_TodoApp.swift */; };
		414AB3922C7D9FD600F9C4B2 /* ContentView.swift in Sources */ = {isa = PBXBuildFile; fileRef = 414AB3912C7D9FD600F9C4B2 /* ContentView.swift */; };
		414AB3942C7D9FD700F9C4B2 /* Assets.xcassets in Resources */ = {isa = PBXBuildFile; fileRef = 414AB3932C7D9FD700F9C4B2 /* Assets.xcassets */; };
		414AB3972C7D9FD700F9C4B2 /* Preview Assets.xcassets in Resources */ = {isa = PBXBuildFile; fileRef = 414AB3962C7D9FD700F9C4B2 /* Preview Assets.xcassets */; };
		414AB3AB2C7D9FD700F9C4B2 /* TCA_Example_TodoUITests.swift in Sources */ = {isa = PBXBuildFile; fileRef = 414AB3AA2C7D9FD700F9C4B2 /* TCA_Example_TodoUITests.swift */; };
		414AB3AD2C7D9FD700F9C4B2 /* TCA_Example_TodoUITestsLaunchTests.swift in Sources */ = {isa = PBXBuildFile; fileRef = 414AB3AC2C7D9FD700F9C4B2 /* TCA_Example_TodoUITestsLaunchTests.swift */; };
		414AB3BB2C7DA01500F9C4B2 /* ComposableArchitecture in Frameworks */ = {isa = PBXBuildFile; productRef = 414AB3BA2C7DA01500F9C4B2 /* ComposableArchitecture */; };
		414AB3BE2C7DA1D000F9C4B2 /* TodoModels.swift in Sources */ = {isa = PBXBuildFile; fileRef = 414AB3BD2C7DA1D000F9C4B2 /* TodoModels.swift */; };
		414AB3C02C7DA20D00F9C4B2 /* AppReducer.swift in Sources */ = {isa = PBXBuildFile; fileRef = 414AB3BF2C7DA20D00F9C4B2 /* AppReducer.swift */; };
		414AB3C22C7DA33900F9C4B2 /* ToDoListView.swift in Sources */ = {isa = PBXBuildFile; fileRef = 414AB3C12C7DA33900F9C4B2 /* ToDoListView.swift */; };
		414AB3C42C7DA41200F9C4B2 /* ToDoAddView.swift in Sources */ = {isa = PBXBuildFile; fileRef = 414AB3C32C7DA41200F9C4B2 /* ToDoAddView.swift */; };
		414AB3C62C7DA4D800F9C4B2 /* ToDoDetailView.swift in Sources */ = {isa = PBXBuildFile; fileRef = 414AB3C52C7DA4D800F9C4B2 /* ToDoDetailView.swift */; };
		41D725822C7DAF230044385E /* TCA_Example_TodoTests.swift in Sources */ = {isa = PBXBuildFile; fileRef = 41D725812C7DAF230044385E /* TCA_Example_TodoTests.swift */; };
/* End PBXBuildFile section */

/* Begin PBXContainerItemProxy section */
		414AB39D2C7D9FD700F9C4B2 /* PBXContainerItemProxy */ = {
			isa = PBXContainerItemProxy;
			containerPortal = 414AB3842C7D9FD600F9C4B2 /* Project object */;
			proxyType = 1;
			remoteGlobalIDString = 414AB38B2C7D9FD600F9C4B2;
			remoteInfo = TCA_Example_Todo;
		};
		414AB3A72C7D9FD700F9C4B2 /* PBXContainerItemProxy */ = {
			isa = PBXContainerItemProxy;
			containerPortal = 414AB3842C7D9FD600F9C4B2 /* Project object */;
			proxyType = 1;
			remoteGlobalIDString = 414AB38B2C7D9FD600F9C4B2;
			remoteInfo = TCA_Example_Todo;
		};
/* End PBXContainerItemProxy section */

/* Begin PBXFileReference section */
		414AB38C2C7D9FD600F9C4B2 /* TCA_Example_Todo.app */ = {isa = PBXFileReference; explicitFileType = wrapper.application; includeInIndex = 0; path = TCA_Example_Todo.app; sourceTree = BUILT_PRODUCTS_DIR; };
		414AB38F2C7D9FD600F9C4B2 /* TCA_Example_TodoApp.swift */ = {isa = PBXFileReference; lastKnownFileType = sourcecode.swift; path = TCA_Example_TodoApp.swift; sourceTree = "<group>"; };
		414AB3912C7D9FD600F9C4B2 /* ContentView.swift */ = {isa = PBXFileReference; lastKnownFileType = sourcecode.swift; path = ContentView.swift; sourceTree = "<group>"; };
		414AB3932C7D9FD700F9C4B2 /* Assets.xcassets */ = {isa = PBXFileReference; lastKnownFileType = folder.assetcatalog; path = Assets.xcassets; sourceTree = "<group>"; };
		414AB3962C7D9FD700F9C4B2 /* Preview Assets.xcassets */ = {isa = PBXFileReference; lastKnownFileType = folder.assetcatalog; path = "Preview Assets.xcassets"; sourceTree = "<group>"; };
		414AB39C2C7D9FD700F9C4B2 /* TCA_Example_TodoTests.xctest */ = {isa = PBXFileReference; explicitFileType = wrapper.cfbundle; includeInIndex = 0; path = TCA_Example_TodoTests.xctest; sourceTree = BUILT_PRODUCTS_DIR; };
		414AB3A62C7D9FD700F9C4B2 /* TCA_Example_TodoUITests.xctest */ = {isa = PBXFileReference; explicitFileType = wrapper.cfbundle; includeInIndex = 0; path = TCA_Example_TodoUITests.xctest; sourceTree = BUILT_PRODUCTS_DIR; };
		414AB3AA2C7D9FD700F9C4B2 /* TCA_Example_TodoUITests.swift */ = {isa = PBXFileReference; lastKnownFileType = sourcecode.swift; path = TCA_Example_TodoUITests.swift; sourceTree = "<group>"; };
		414AB3AC2C7D9FD700F9C4B2 /* TCA_Example_TodoUITestsLaunchTests.swift */ = {isa = PBXFileReference; lastKnownFileType = sourcecode.swift; path = TCA_Example_TodoUITestsLaunchTests.swift; sourceTree = "<group>"; };
		414AB3BD2C7DA1D000F9C4B2 /* TodoModels.swift */ = {isa = PBXFileReference; lastKnownFileType = sourcecode.swift; path = TodoModels.swift; sourceTree = "<group>"; };
		414AB3BF2C7DA20D00F9C4B2 /* AppReducer.swift */ = {isa = PBXFileReference; lastKnownFileType = sourcecode.swift; path = AppReducer.swift; sourceTree = "<group>"; };
		414AB3C12C7DA33900F9C4B2 /* ToDoListView.swift */ = {isa = PBXFileReference; lastKnownFileType = sourcecode.swift; path = ToDoListView.swift; sourceTree = "<group>"; };
		414AB3C32C7DA41200F9C4B2 /* ToDoAddView.swift */ = {isa = PBXFileReference; lastKnownFileType = sourcecode.swift; path = ToDoAddView.swift; sourceTree = "<group>"; };
		414AB3C52C7DA4D800F9C4B2 /* ToDoDetailView.swift */ = {isa = PBXFileReference; lastKnownFileType = sourcecode.swift; path = ToDoDetailView.swift; sourceTree = "<group>"; };
		41D725812C7DAF230044385E /* TCA_Example_TodoTests.swift */ = {isa = PBXFileReference; lastKnownFileType = sourcecode.swift; path = TCA_Example_TodoTests.swift; sourceTree = "<group>"; };
/* End PBXFileReference section */

/* Begin PBXFrameworksBuildPhase section */
		414AB3892C7D9FD600F9C4B2 /* Frameworks */ = {
			isa = PBXFrameworksBuildPhase;
			buildActionMask = 2147483647;
			files = (
				414AB3BB2C7DA01500F9C4B2 /* ComposableArchitecture in Frameworks */,
			);
			runOnlyForDeploymentPostprocessing = 0;
		};
		414AB3992C7D9FD700F9C4B2 /* Frameworks */ = {
			isa = PBXFrameworksBuildPhase;
			buildActionMask = 2147483647;
			files = (
			);
			runOnlyForDeploymentPostprocessing = 0;
		};
		414AB3A32C7D9FD700F9C4B2 /* Frameworks */ = {
			isa = PBXFrameworksBuildPhase;
			buildActionMask = 2147483647;
			files = (
			);
			runOnlyForDeploymentPostprocessing = 0;
		};
/* End PBXFrameworksBuildPhase section */

/* Begin PBXGroup section */
		414AB3832C7D9FD600F9C4B2 = {
			isa = PBXGroup;
			children = (
				414AB38E2C7D9FD600F9C4B2 /* TCA_Example_Todo */,
				414AB39F2C7D9FD700F9C4B2 /* TCA_Example_TodoTests */,
				414AB3A92C7D9FD700F9C4B2 /* TCA_Example_TodoUITests */,
				414AB38D2C7D9FD600F9C4B2 /* Products */,
			);
			sourceTree = "<group>";
		};
		414AB38D2C7D9FD600F9C4B2 /* Products */ = {
			isa = PBXGroup;
			children = (
				414AB38C2C7D9FD600F9C4B2 /* TCA_Example_Todo.app */,
				414AB39C2C7D9FD700F9C4B2 /* TCA_Example_TodoTests.xctest */,
				414AB3A62C7D9FD700F9C4B2 /* TCA_Example_TodoUITests.xctest */,
			);
			name = Products;
			sourceTree = "<group>";
		};
		414AB38E2C7D9FD600F9C4B2 /* TCA_Example_Todo */ = {
			isa = PBXGroup;
			children = (
				414AB3C52C7DA4D800F9C4B2 /* ToDoDetailView.swift */,
				414AB3C32C7DA41200F9C4B2 /* ToDoAddView.swift */,
				414AB3C12C7DA33900F9C4B2 /* ToDoListView.swift */,
				414AB3BF2C7DA20D00F9C4B2 /* AppReducer.swift */,
				414AB3BC2C7DA1BB00F9C4B2 /* Model */,
				414AB38F2C7D9FD600F9C4B2 /* TCA_Example_TodoApp.swift */,
				414AB3912C7D9FD600F9C4B2 /* ContentView.swift */,
				414AB3932C7D9FD700F9C4B2 /* Assets.xcassets */,
				414AB3952C7D9FD700F9C4B2 /* Preview Content */,
			);
			path = TCA_Example_Todo;
			sourceTree = "<group>";
		};
		414AB3952C7D9FD700F9C4B2 /* Preview Content */ = {
			isa = PBXGroup;
			children = (
				414AB3962C7D9FD700F9C4B2 /* Preview Assets.xcassets */,
			);
			path = "Preview Content";
			sourceTree = "<group>";
		};
		414AB39F2C7D9FD700F9C4B2 /* TCA_Example_TodoTests */ = {
			isa = PBXGroup;
			children = (
				41D725812C7DAF230044385E /* TCA_Example_TodoTests.swift */,
			);
			path = TCA_Example_TodoTests;
			sourceTree = "<group>";
		};
		414AB3A92C7D9FD700F9C4B2 /* TCA_Example_TodoUITests */ = {
			isa = PBXGroup;
			children = (
				414AB3AA2C7D9FD700F9C4B2 /* TCA_Example_TodoUITests.swift */,
				414AB3AC2C7D9FD700F9C4B2 /* TCA_Example_TodoUITestsLaunchTests.swift */,
			);
			path = TCA_Example_TodoUITests;
			sourceTree = "<group>";
		};
		414AB3BC2C7DA1BB00F9C4B2 /* Model */ = {
			isa = PBXGroup;
			children = (
				414AB3BD2C7DA1D000F9C4B2 /* TodoModels.swift */,
			);
			path = Model;
			sourceTree = "<group>";
		};
/* End PBXGroup section */

/* Begin PBXNativeTarget section */
		414AB38B2C7D9FD600F9C4B2 /* TCA_Example_Todo */ = {
			isa = PBXNativeTarget;
			buildConfigurationList = 414AB3B02C7D9FD700F9C4B2 /* Build configuration list for PBXNativeTarget "TCA_Example_Todo" */;
			buildPhases = (
				414AB3882C7D9FD600F9C4B2 /* Sources */,
				414AB3892C7D9FD600F9C4B2 /* Frameworks */,
				414AB38A2C7D9FD600F9C4B2 /* Resources */,
			);
			buildRules = (
			);
			dependencies = (
			);
			name = TCA_Example_Todo;
			packageProductDependencies = (
				414AB3BA2C7DA01500F9C4B2 /* ComposableArchitecture */,
			);
			productName = TCA_Example_Todo;
			productReference = 414AB38C2C7D9FD600F9C4B2 /* TCA_Example_Todo.app */;
			productType = "com.apple.product-type.application";
		};
		414AB39B2C7D9FD700F9C4B2 /* TCA_Example_TodoTests */ = {
			isa = PBXNativeTarget;
			buildConfigurationList = 414AB3B32C7D9FD700F9C4B2 /* Build configuration list for PBXNativeTarget "TCA_Example_TodoTests" */;
			buildPhases = (
				414AB3982C7D9FD700F9C4B2 /* Sources */,
				414AB3992C7D9FD700F9C4B2 /* Frameworks */,
				414AB39A2C7D9FD700F9C4B2 /* Resources */,
			);
			buildRules = (
			);
			dependencies = (
				414AB39E2C7D9FD700F9C4B2 /* PBXTargetDependency */,
			);
			name = TCA_Example_TodoTests;
			productName = TCA_Example_TodoTests;
			productReference = 414AB39C2C7D9FD700F9C4B2 /* TCA_Example_TodoTests.xctest */;
			productType = "com.apple.product-type.bundle.unit-test";
		};
		414AB3A52C7D9FD700F9C4B2 /* TCA_Example_TodoUITests */ = {
			isa = PBXNativeTarget;
			buildConfigurationList = 414AB3B62C7D9FD700F9C4B2 /* Build configuration list for PBXNativeTarget "TCA_Example_TodoUITests" */;
			buildPhases = (
				414AB3A22C7D9FD700F9C4B2 /* Sources */,
				414AB3A32C7D9FD700F9C4B2 /* Frameworks */,
				414AB3A42C7D9FD700F9C4B2 /* Resources */,
			);
			buildRules = (
			);
			dependencies = (
				414AB3A82C7D9FD700F9C4B2 /* PBXTargetDependency */,
			);
			name = TCA_Example_TodoUITests;
			productName = TCA_Example_TodoUITests;
			productReference = 414AB3A62C7D9FD700F9C4B2 /* TCA_Example_TodoUITests.xctest */;
			productType = "com.apple.product-type.bundle.ui-testing";
		};
/* End PBXNativeTarget section */

/* Begin PBXProject section */
		414AB3842C7D9FD600F9C4B2 /* Project object */ = {
			isa = PBXProject;
			attributes = {
				BuildIndependentTargetsInParallel = 1;
				LastSwiftUpdateCheck = 1540;
				LastUpgradeCheck = 1540;
				TargetAttributes = {
					414AB38B2C7D9FD600F9C4B2 = {
						CreatedOnToolsVersion = 15.4;
					};
					414AB39B2C7D9FD700F9C4B2 = {
						CreatedOnToolsVersion = 15.4;
						LastSwiftMigration = 1540;
						TestTargetID = 414AB38B2C7D9FD600F9C4B2;
					};
					414AB3A52C7D9FD700F9C4B2 = {
						CreatedOnToolsVersion = 15.4;
						TestTargetID = 414AB38B2C7D9FD600F9C4B2;
					};
				};
			};
			buildConfigurationList = 414AB3872C7D9FD600F9C4B2 /* Build configuration list for PBXProject "TCA_Example_Todo" */;
			compatibilityVersion = "Xcode 14.0";
			developmentRegion = en;
			hasScannedForEncodings = 0;
			knownRegions = (
				en,
				Base,
			);
			mainGroup = 414AB3832C7D9FD600F9C4B2;
			packageReferences = (
				414AB3B92C7DA01500F9C4B2 /* XCRemoteSwiftPackageReference "swift-composable-architecture" */,
			);
			productRefGroup = 414AB38D2C7D9FD600F9C4B2 /* Products */;
			projectDirPath = "";
			projectRoot = "";
			targets = (
				414AB38B2C7D9FD600F9C4B2 /* TCA_Example_Todo */,
				414AB39B2C7D9FD700F9C4B2 /* TCA_Example_TodoTests */,
				414AB3A52C7D9FD700F9C4B2 /* TCA_Example_TodoUITests */,
			);
		};
/* End PBXProject section */

/* Begin PBXResourcesBuildPhase section */
		414AB38A2C7D9FD600F9C4B2 /* Resources */ = {
			isa = PBXResourcesBuildPhase;
			buildActionMask = 2147483647;
			files = (
				414AB3972C7D9FD700F9C4B2 /* Preview Assets.xcassets in Resources */,
				414AB3942C7D9FD700F9C4B2 /* Assets.xcassets in Resources */,
			);
			runOnlyForDeploymentPostprocessing = 0;
		};
		414AB39A2C7D9FD700F9C4B2 /* Resources */ = {
			isa = PBXResourcesBuildPhase;
			buildActionMask = 2147483647;
			files = (
			);
			runOnlyForDeploymentPostprocessing = 0;
		};
		414AB3A42C7D9FD700F9C4B2 /* Resources */ = {
			isa = PBXResourcesBuildPhase;
			buildActionMask = 2147483647;
			files = (
			);
			runOnlyForDeploymentPostprocessing = 0;
		};
/* End PBXResourcesBuildPhase section */

/* Begin PBXSourcesBuildPhase section */
		414AB3882C7D9FD600F9C4B2 /* Sources */ = {
			isa = PBXSourcesBuildPhase;
			buildActionMask = 2147483647;
			files = (
				414AB3C62C7DA4D800F9C4B2 /* ToDoDetailView.swift in Sources */,
				414AB3BE2C7DA1D000F9C4B2 /* TodoModels.swift in Sources */,
				414AB3922C7D9FD600F9C4B2 /* ContentView.swift in Sources */,
				414AB3C42C7DA41200F9C4B2 /* ToDoAddView.swift in Sources */,
				414AB3C02C7DA20D00F9C4B2 /* AppReducer.swift in Sources */,
				414AB3902C7D9FD600F9C4B2 /* TCA_Example_TodoApp.swift in Sources */,
				414AB3C22C7DA33900F9C4B2 /* ToDoListView.swift in Sources */,
			);
			runOnlyForDeploymentPostprocessing = 0;
		};
		414AB3982C7D9FD700F9C4B2 /* Sources */ = {
			isa = PBXSourcesBuildPhase;
			buildActionMask = 2147483647;
			files = (
				41D725822C7DAF230044385E /* TCA_Example_TodoTests.swift in Sources */,
			);
			runOnlyForDeploymentPostprocessing = 0;
		};
		414AB3A22C7D9FD700F9C4B2 /* Sources */ = {
			isa = PBXSourcesBuildPhase;
			buildActionMask = 2147483647;
			files = (
				414AB3AD2C7D9FD700F9C4B2 /* TCA_Example_TodoUITestsLaunchTests.swift in Sources */,
				414AB3AB2C7D9FD700F9C4B2 /* TCA_Example_TodoUITests.swift in Sources */,
			);
			runOnlyForDeploymentPostprocessing = 0;
		};
/* End PBXSourcesBuildPhase section */

/* Begin PBXTargetDependency section */
		414AB39E2C7D9FD700F9C4B2 /* PBXTargetDependency */ = {
			isa = PBXTargetDependency;
			target = 414AB38B2C7D9FD600F9C4B2 /* TCA_Example_Todo */;
			targetProxy = 414AB39D2C7D9FD700F9C4B2 /* PBXContainerItemProxy */;
		};
		414AB3A82C7D9FD700F9C4B2 /* PBXTargetDependency */ = {
			isa = PBXTargetDependency;
			target = 414AB38B2C7D9FD600F9C4B2 /* TCA_Example_Todo */;
			targetProxy = 414AB3A72C7D9FD700F9C4B2 /* PBXContainerItemProxy */;
		};
/* End PBXTargetDependency section */

/* Begin XCBuildConfiguration section */
		414AB3AE2C7D9FD700F9C4B2 /* Debug */ = {
			isa = XCBuildConfiguration;
			buildSettings = {
				ALWAYS_SEARCH_USER_PATHS = NO;
				ASSETCATALOG_COMPILER_GENERATE_SWIFT_ASSET_SYMBOL_EXTENSIONS = YES;
				CLANG_ANALYZER_NONNULL = YES;
				CLANG_ANALYZER_NUMBER_OBJECT_CONVERSION = YES_AGGRESSIVE;
				CLANG_CXX_LANGUAGE_STANDARD = "gnu++20";
				CLANG_ENABLE_MODULES = YES;
				CLANG_ENABLE_OBJC_ARC = YES;
				CLANG_ENABLE_OBJC_WEAK = YES;
				CLANG_WARN_BLOCK_CAPTURE_AUTORELEASING = YES;
				CLANG_WARN_BOOL_CONVERSION = YES;
				CLANG_WARN_COMMA = YES;
				CLANG_WARN_CONSTANT_CONVERSION = YES;
				CLANG_WARN_DEPRECATED_OBJC_IMPLEMENTATIONS = YES;
				CLANG_WARN_DIRECT_OBJC_ISA_USAGE = YES_ERROR;
				CLANG_WARN_DOCUMENTATION_COMMENTS = YES;
				CLANG_WARN_EMPTY_BODY = YES;
				CLANG_WARN_ENUM_CONVERSION = YES;
				CLANG_WARN_INFINITE_RECURSION = YES;
				CLANG_WARN_INT_CONVERSION = YES;
				CLANG_WARN_NON_LITERAL_NULL_CONVERSION = YES;
				CLANG_WARN_OBJC_IMPLICIT_RETAIN_SELF = YES;
				CLANG_WARN_OBJC_LITERAL_CONVERSION = YES;
				CLANG_WARN_OBJC_ROOT_CLASS = YES_ERROR;
				CLANG_WARN_QUOTED_INCLUDE_IN_FRAMEWORK_HEADER = YES;
				CLANG_WARN_RANGE_LOOP_ANALYSIS = YES;
				CLANG_WARN_STRICT_PROTOTYPES = YES;
				CLANG_WARN_SUSPICIOUS_MOVE = YES;
				CLANG_WARN_UNGUARDED_AVAILABILITY = YES_AGGRESSIVE;
				CLANG_WARN_UNREACHABLE_CODE = YES;
				CLANG_WARN__DUPLICATE_METHOD_MATCH = YES;
				COPY_PHASE_STRIP = NO;
				DEBUG_INFORMATION_FORMAT = dwarf;
				ENABLE_STRICT_OBJC_MSGSEND = YES;
				ENABLE_TESTABILITY = YES;
				ENABLE_USER_SCRIPT_SANDBOXING = YES;
				GCC_C_LANGUAGE_STANDARD = gnu17;
				GCC_DYNAMIC_NO_PIC = NO;
				GCC_NO_COMMON_BLOCKS = YES;
				GCC_OPTIMIZATION_LEVEL = 0;
				GCC_PREPROCESSOR_DEFINITIONS = (
					"DEBUG=1",
					"$(inherited)",
				);
				GCC_WARN_64_TO_32_BIT_CONVERSION = YES;
				GCC_WARN_ABOUT_RETURN_TYPE = YES_ERROR;
				GCC_WARN_UNDECLARED_SELECTOR = YES;
				GCC_WARN_UNINITIALIZED_AUTOS = YES_AGGRESSIVE;
				GCC_WARN_UNUSED_FUNCTION = YES;
				GCC_WARN_UNUSED_VARIABLE = YES;
				GENERATE_INFOPLIST_FILE = YES;
				IPHONEOS_DEPLOYMENT_TARGET = 17.5;
				LOCALIZATION_PREFERS_STRING_CATALOGS = YES;
				MTL_ENABLE_DEBUG_INFO = INCLUDE_SOURCE;
				MTL_FAST_MATH = YES;
				ONLY_ACTIVE_ARCH = YES;
				SDKROOT = iphoneos;
				SWIFT_ACTIVE_COMPILATION_CONDITIONS = "DEBUG $(inherited)";
				SWIFT_OPTIMIZATION_LEVEL = "-Onone";
			};
			name = Debug;
		};
		414AB3AF2C7D9FD700F9C4B2 /* Release */ = {
			isa = XCBuildConfiguration;
			buildSettings = {
				ALWAYS_SEARCH_USER_PATHS = NO;
				ASSETCATALOG_COMPILER_GENERATE_SWIFT_ASSET_SYMBOL_EXTENSIONS = YES;
				CLANG_ANALYZER_NONNULL = YES;
				CLANG_ANALYZER_NUMBER_OBJECT_CONVERSION = YES_AGGRESSIVE;
				CLANG_CXX_LANGUAGE_STANDARD = "gnu++20";
				CLANG_ENABLE_MODULES = YES;
				CLANG_ENABLE_OBJC_ARC = YES;
				CLANG_ENABLE_OBJC_WEAK = YES;
				CLANG_WARN_BLOCK_CAPTURE_AUTORELEASING = YES;
				CLANG_WARN_BOOL_CONVERSION = YES;
				CLANG_WARN_COMMA = YES;
				CLANG_WARN_CONSTANT_CONVERSION = YES;
				CLANG_WARN_DEPRECATED_OBJC_IMPLEMENTATIONS = YES;
				CLANG_WARN_DIRECT_OBJC_ISA_USAGE = YES_ERROR;
				CLANG_WARN_DOCUMENTATION_COMMENTS = YES;
				CLANG_WARN_EMPTY_BODY = YES;
				CLANG_WARN_ENUM_CONVERSION = YES;
				CLANG_WARN_INFINITE_RECURSION = YES;
				CLANG_WARN_INT_CONVERSION = YES;
				CLANG_WARN_NON_LITERAL_NULL_CONVERSION = YES;
				CLANG_WARN_OBJC_IMPLICIT_RETAIN_SELF = YES;
				CLANG_WARN_OBJC_LITERAL_CONVERSION = YES;
				CLANG_WARN_OBJC_ROOT_CLASS = YES_ERROR;
				CLANG_WARN_QUOTED_INCLUDE_IN_FRAMEWORK_HEADER = YES;
				CLANG_WARN_RANGE_LOOP_ANALYSIS = YES;
				CLANG_WARN_STRICT_PROTOTYPES = YES;
				CLANG_WARN_SUSPICIOUS_MOVE = YES;
				CLANG_WARN_UNGUARDED_AVAILABILITY = YES_AGGRESSIVE;
				CLANG_WARN_UNREACHABLE_CODE = YES;
				CLANG_WARN__DUPLICATE_METHOD_MATCH = YES;
				COPY_PHASE_STRIP = NO;
				DEBUG_INFORMATION_FORMAT = "dwarf-with-dsym";
				ENABLE_NS_ASSERTIONS = NO;
				ENABLE_STRICT_OBJC_MSGSEND = YES;
				ENABLE_USER_SCRIPT_SANDBOXING = YES;
				GCC_C_LANGUAGE_STANDARD = gnu17;
				GCC_NO_COMMON_BLOCKS = YES;
				GCC_WARN_64_TO_32_BIT_CONVERSION = YES;
				GCC_WARN_ABOUT_RETURN_TYPE = YES_ERROR;
				GCC_WARN_UNDECLARED_SELECTOR = YES;
				GCC_WARN_UNINITIALIZED_AUTOS = YES_AGGRESSIVE;
				GCC_WARN_UNUSED_FUNCTION = YES;
				GCC_WARN_UNUSED_VARIABLE = YES;
				GENERATE_INFOPLIST_FILE = YES;
				IPHONEOS_DEPLOYMENT_TARGET = 17.5;
				LOCALIZATION_PREFERS_STRING_CATALOGS = YES;
				MTL_ENABLE_DEBUG_INFO = NO;
				MTL_FAST_MATH = YES;
				SDKROOT = iphoneos;
				SWIFT_COMPILATION_MODE = wholemodule;
				VALIDATE_PRODUCT = YES;
			};
			name = Release;
		};
		414AB3B12C7D9FD700F9C4B2 /* Debug */ = {
			isa = XCBuildConfiguration;
			buildSettings = {
				ASSETCATALOG_COMPILER_APPICON_NAME = AppIcon;
				ASSETCATALOG_COMPILER_GLOBAL_ACCENT_COLOR_NAME = AccentColor;
				CODE_SIGN_STYLE = Automatic;
				CURRENT_PROJECT_VERSION = 1;
				DEVELOPMENT_ASSET_PATHS = "\"TCA_Example_Todo/Preview Content\"";
				DEVELOPMENT_TEAM = 9UU59NTC96;
				ENABLE_PREVIEWS = YES;
				GENERATE_INFOPLIST_FILE = YES;
				INFOPLIST_KEY_UIApplicationSceneManifest_Generation = YES;
				INFOPLIST_KEY_UIApplicationSupportsIndirectInputEvents = YES;
				INFOPLIST_KEY_UILaunchScreen_Generation = YES;
				INFOPLIST_KEY_UISupportedInterfaceOrientations_iPad = "UIInterfaceOrientationPortrait UIInterfaceOrientationPortraitUpsideDown UIInterfaceOrientationLandscapeLeft UIInterfaceOrientationLandscapeRight";
				INFOPLIST_KEY_UISupportedInterfaceOrientations_iPhone = "UIInterfaceOrientationPortrait UIInterfaceOrientationLandscapeLeft UIInterfaceOrientationLandscapeRight";
				LD_RUNPATH_SEARCH_PATHS = (
					"$(inherited)",
					"@executable_path/Frameworks",
				);
				MARKETING_VERSION = 1.0;
				PRODUCT_BUNDLE_IDENTIFIER = "com.iOSDevRuel.TCA-Example-Todo";
				PRODUCT_NAME = "$(TARGET_NAME)";
				SWIFT_EMIT_LOC_STRINGS = YES;
				SWIFT_VERSION = 5.0;
				TARGETED_DEVICE_FAMILY = "1,2";
			};
			name = Debug;
		};
		414AB3B22C7D9FD700F9C4B2 /* Release */ = {
			isa = XCBuildConfiguration;
			buildSettings = {
				ASSETCATALOG_COMPILER_APPICON_NAME = AppIcon;
				ASSETCATALOG_COMPILER_GLOBAL_ACCENT_COLOR_NAME = AccentColor;
				CODE_SIGN_STYLE = Automatic;
				CURRENT_PROJECT_VERSION = 1;
				DEVELOPMENT_ASSET_PATHS = "\"TCA_Example_Todo/Preview Content\"";
				DEVELOPMENT_TEAM = 9UU59NTC96;
				ENABLE_PREVIEWS = YES;
				GENERATE_INFOPLIST_FILE = YES;
				INFOPLIST_KEY_UIApplicationSceneManifest_Generation = YES;
				INFOPLIST_KEY_UIApplicationSupportsIndirectInputEvents = YES;
				INFOPLIST_KEY_UILaunchScreen_Generation = YES;
				INFOPLIST_KEY_UISupportedInterfaceOrientations_iPad = "UIInterfaceOrientationPortrait UIInterfaceOrientationPortraitUpsideDown UIInterfaceOrientationLandscapeLeft UIInterfaceOrientationLandscapeRight";
				INFOPLIST_KEY_UISupportedInterfaceOrientations_iPhone = "UIInterfaceOrientationPortrait UIInterfaceOrientationLandscapeLeft UIInterfaceOrientationLandscapeRight";
				LD_RUNPATH_SEARCH_PATHS = (
					"$(inherited)",
					"@executable_path/Frameworks",
				);
				MARKETING_VERSION = 1.0;
				PRODUCT_BUNDLE_IDENTIFIER = "com.iOSDevRuel.TCA-Example-Todo";
				PRODUCT_NAME = "$(TARGET_NAME)";
				SWIFT_EMIT_LOC_STRINGS = YES;
				SWIFT_VERSION = 5.0;
				TARGETED_DEVICE_FAMILY = "1,2";
			};
			name = Release;
		};
		414AB3B42C7D9FD700F9C4B2 /* Debug */ = {
			isa = XCBuildConfiguration;
			buildSettings = {
				ALWAYS_EMBED_SWIFT_STANDARD_LIBRARIES = YES;
				BUNDLE_LOADER = "$(TEST_HOST)";
				CLANG_ENABLE_MODULES = YES;
				CODE_SIGN_STYLE = Automatic;
				CURRENT_PROJECT_VERSION = 1;
				DEVELOPMENT_TEAM = 9UU59NTC96;
				GENERATE_INFOPLIST_FILE = YES;
				IPHONEOS_DEPLOYMENT_TARGET = 17.5;
				MARKETING_VERSION = 1.0;
				PRODUCT_BUNDLE_IDENTIFIER = "com.iOSDevRuel.TCA-Example-TodoTests";
				PRODUCT_NAME = "$(TARGET_NAME)";
				SWIFT_EMIT_LOC_STRINGS = NO;
				SWIFT_OPTIMIZATION_LEVEL = "-Onone";
				SWIFT_VERSION = 5.0;
				TARGETED_DEVICE_FAMILY = "1,2";
				TEST_HOST = "$(BUILT_PRODUCTS_DIR)/TCA_Example_Todo.app/$(BUNDLE_EXECUTABLE_FOLDER_PATH)/TCA_Example_Todo";
			};
			name = Debug;
		};
		414AB3B52C7D9FD700F9C4B2 /* Release */ = {
			isa = XCBuildConfiguration;
			buildSettings = {
				ALWAYS_EMBED_SWIFT_STANDARD_LIBRARIES = YES;
				BUNDLE_LOADER = "$(TEST_HOST)";
				CLANG_ENABLE_MODULES = YES;
				CODE_SIGN_STYLE = Automatic;
				CURRENT_PROJECT_VERSION = 1;
				DEVELOPMENT_TEAM = 9UU59NTC96;
				GENERATE_INFOPLIST_FILE = YES;
				IPHONEOS_DEPLOYMENT_TARGET = 17.5;
				MARKETING_VERSION = 1.0;
				PRODUCT_BUNDLE_IDENTIFIER = "com.iOSDevRuel.TCA-Example-TodoTests";
				PRODUCT_NAME = "$(TARGET_NAME)";
				SWIFT_EMIT_LOC_STRINGS = NO;
				SWIFT_VERSION = 5.0;
				TARGETED_DEVICE_FAMILY = "1,2";
				TEST_HOST = "$(BUILT_PRODUCTS_DIR)/TCA_Example_Todo.app/$(BUNDLE_EXECUTABLE_FOLDER_PATH)/TCA_Example_Todo";
			};
			name = Release;
		};
		414AB3B72C7D9FD700F9C4B2 /* Debug */ = {
			isa = XCBuildConfiguration;
			buildSettings = {
				ALWAYS_EMBED_SWIFT_STANDARD_LIBRARIES = YES;
				CODE_SIGN_STYLE = Automatic;
				CURRENT_PROJECT_VERSION = 1;
				DEVELOPMENT_TEAM = 9UU59NTC96;
				GENERATE_INFOPLIST_FILE = YES;
				MARKETING_VERSION = 1.0;
				PRODUCT_BUNDLE_IDENTIFIER = "com.iOSDevRuel.TCA-Example-TodoUITests";
				PRODUCT_NAME = "$(TARGET_NAME)";
				SWIFT_EMIT_LOC_STRINGS = NO;
				SWIFT_VERSION = 5.0;
				TARGETED_DEVICE_FAMILY = "1,2";
				TEST_TARGET_NAME = TCA_Example_Todo;
			};
			name = Debug;
		};
		414AB3B82C7D9FD700F9C4B2 /* Release */ = {
			isa = XCBuildConfiguration;
			buildSettings = {
				ALWAYS_EMBED_SWIFT_STANDARD_LIBRARIES = YES;
				CODE_SIGN_STYLE = Automatic;
				CURRENT_PROJECT_VERSION = 1;
				DEVELOPMENT_TEAM = 9UU59NTC96;
				GENERATE_INFOPLIST_FILE = YES;
				MARKETING_VERSION = 1.0;
				PRODUCT_BUNDLE_IDENTIFIER = "com.iOSDevRuel.TCA-Example-TodoUITests";
				PRODUCT_NAME = "$(TARGET_NAME)";
				SWIFT_EMIT_LOC_STRINGS = NO;
				SWIFT_VERSION = 5.0;
				TARGETED_DEVICE_FAMILY = "1,2";
				TEST_TARGET_NAME = TCA_Example_Todo;
			};
			name = Release;
		};
/* End XCBuildConfiguration section */

/* Begin XCConfigurationList section */
		414AB3872C7D9FD600F9C4B2 /* Build configuration list for PBXProject "TCA_Example_Todo" */ = {
			isa = XCConfigurationList;
			buildConfigurations = (
				414AB3AE2C7D9FD700F9C4B2 /* Debug */,
				414AB3AF2C7D9FD700F9C4B2 /* Release */,
			);
			defaultConfigurationIsVisible = 0;
			defaultConfigurationName = Release;
		};
		414AB3B02C7D9FD700F9C4B2 /* Build configuration list for PBXNativeTarget "TCA_Example_Todo" */ = {
			isa = XCConfigurationList;
			buildConfigurations = (
				414AB3B12C7D9FD700F9C4B2 /* Debug */,
				414AB3B22C7D9FD700F9C4B2 /* Release */,
			);
			defaultConfigurationIsVisible = 0;
			defaultConfigurationName = Release;
		};
		414AB3B32C7D9FD700F9C4B2 /* Build configuration list for PBXNativeTarget "TCA_Example_TodoTests" */ = {
			isa = XCConfigurationList;
			buildConfigurations = (
				414AB3B42C7D9FD700F9C4B2 /* Debug */,
				414AB3B52C7D9FD700F9C4B2 /* Release */,
			);
			defaultConfigurationIsVisible = 0;
			defaultConfigurationName = Release;
		};
		414AB3B62C7D9FD700F9C4B2 /* Build configuration list for PBXNativeTarget "TCA_Example_TodoUITests" */ = {
			isa = XCConfigurationList;
			buildConfigurations = (
				414AB3B72C7D9FD700F9C4B2 /* Debug */,
				414AB3B82C7D9FD700F9C4B2 /* Release */,
			);
			defaultConfigurationIsVisible = 0;
			defaultConfigurationName = Release;
		};
/* End XCConfigurationList section */

/* Begin XCRemoteSwiftPackageReference section */
		414AB3B92C7DA01500F9C4B2 /* XCRemoteSwiftPackageReference "swift-composable-architecture" */ = {
			isa = XCRemoteSwiftPackageReference;
			repositoryURL = "https://github.com/pointfreeco/swift-composable-architecture.git";
			requirement = {
				kind = upToNextMajorVersion;
				minimumVersion = 1.13.1;
			};
		};
/* End XCRemoteSwiftPackageReference section */

/* Begin XCSwiftPackageProductDependency section */
		414AB3BA2C7DA01500F9C4B2 /* ComposableArchitecture */ = {
			isa = XCSwiftPackageProductDependency;
			package = 414AB3B92C7DA01500F9C4B2 /* XCRemoteSwiftPackageReference "swift-composable-architecture" */;
			productName = ComposableArchitecture;
		};
/* End XCSwiftPackageProductDependency section */
	};
	rootObject = 414AB3842C7D9FD600F9C4B2 /* Project object */;
}
